
Microsoft Visual Studio Solution File, Format Version 12.00
# Visual Studio Version 17
VisualStudioVersion = 17.3.32929.385
MinimumVisualStudioVersion = 10.0.40219.1
Project("{FAE04EC0-301F-11D3-BF4B-00C04F79EFBC}") = "HamaParcial", "HamaParcial.csproj", "{D909C422-E2B4-409F-A9E5-E4BAE352DB49}"
EndProject
Global
	GlobalSection(SolutionConfigurationPlatforms) = preSolution
		Debug|Any CPU = Debug|Any CPU
		Release|Any CPU = Release|Any CPU
	EndGlobalSection
	GlobalSection(ProjectConfigurationPlatforms) = postSolution
		{D909C422-E2B4-409F-A9E5-E4BAE352DB49}.Debug|Any CPU.ActiveCfg = Debug|Any CPU
		{D909C422-E2B4-409F-A9E5-E4BAE352DB49}.Debug|Any CPU.Build.0 = Debug|Any CPU
		{D909C422-E2B4-409F-A9E5-E4BAE352DB49}.Release|Any CPU.ActiveCfg = Release|Any CPU
		{D909C422-E2B4-409F-A9E5-E4BAE352DB49}.Release|Any CPU.Build.0 = Release|Any CPU
	EndGlobalSection
	GlobalSection(SolutionProperties) = preSolution
		HideSolutionNode = FALSE
	EndGlobalSection
	GlobalSection(ExtensibilityGlobals) = postSolution
		SolutionGuid = {009AB4E2-DEF8-411D-8EEA-380F53210743}
	EndGlobalSection
EndGlobal
